Microsoft Visual Studio Solution File, Format Version 12.00
# Visual Studio 2012
Project("{FAE04EC0-301F-11D3-BF4B-00C04F79EFBC}") = "TEST", "TEST.csproj", "{3A7D4F7F-3B25-4E9A-8930-E84B4E3F5FE2}"
EndProject
Global
	GlobalSection(SolutionConfigurationPlatforms) = preSolution
	Debug|Any CPU = Debug|Any CPU
	ExportDebug|Any CPU = ExportDebug|Any CPU
	ExportRelease|Any CPU = ExportRelease|Any CPU
	EndGlobalSection
	GlobalSection(ProjectConfigurationPlatforms) = postSolution
		{3A7D4F7F-3B25-4E9A-8930-E84B4E3F5FE2}.Debug|Any CPU.ActiveCfg = Debug|Any CPU
		{3A7D4F7F-3B25-4E9A-8930-E84B4E3F5FE2}.Debug|Any CPU.Build.0 = Debug|Any CPU
		{3A7D4F7F-3B25-4E9A-8930-E84B4E3F5FE2}.ExportDebug|Any CPU.ActiveCfg = ExportDebug|Any CPU
		{3A7D4F7F-3B25-4E9A-8930-E84B4E3F5FE2}.ExportDebug|Any CPU.Build.0 = ExportDebug|Any CPU
		{3A7D4F7F-3B25-4E9A-8930-E84B4E3F5FE2}.ExportRelease|Any CPU.ActiveCfg = ExportRelease|Any CPU
		{3A7D4F7F-3B25-4E9A-8930-E84B4E3F5FE2}.ExportRelease|Any CPU.Build.0 = ExportRelease|Any CPU
	EndGlobalSection
EndGlobal
